
Microsoft Visual Studio Solution File, Format Version 12.00
# Visual Studio Version 16
VisualStudioVersion = 16.0.29728.190
MinimumVisualStudioVersion = 10.0.40219.1
Project("{9A19103F-16F7-4668-BE54-9A1E7A4F7556}") = "BethanyPieShopHRM", "BethanyPieShopHRM\BethanyPieShopHRM.csproj", "{9ADEC953-511C-4377-B780-C25056AE5CD2}"
EndProject
Project("{9A19103F-16F7-4668-BE54-9A1E7A4F7556}") = "BethanysPieShopHRM.Shared", "BethanysPieShopHRM.Shared\BethanysPieShopHRM.Shared.csproj", "{786B3B79-BA92-450B-981C-B15EED6EFF8C}"
EndProject
Project("{9A19103F-16F7-4668-BE54-9A1E7A4F7556}") = "BethanysPieShopHRM.Api", "BethanysPieShopHRM.Api\BethanysPieShopHRM.Api.csproj", "{01B00C19-E2BA-4562-BD18-03035B5641D0}"
EndProject
Global
	GlobalSection(SolutionConfigurationPlatforms) = preSolution
		Debug|Any CPU = Debug|Any CPU
		Release|Any CPU = Release|Any CPU
	EndGlobalSection
	GlobalSection(ProjectConfigurationPlatforms) = postSolution
		{9ADEC953-511C-4377-B780-C25056AE5CD2}.Debug|Any CPU.ActiveCfg = Debug|Any CPU
		{9ADEC953-511C-4377-B780-C25056AE5CD2}.Debug|Any CPU.Build.0 = Debug|Any CPU
		{9ADEC953-511C-4377-B780-C25056AE5CD2}.Release|Any CPU.ActiveCfg = Release|Any CPU
		{9ADEC953-511C-4377-B780-C25056AE5CD2}.Release|Any CPU.Build.0 = Release|Any CPU
		{786B3B79-BA92-450B-981C-B15EED6EFF8C}.Debug|Any CPU.ActiveCfg = Debug|Any CPU
		{786B3B79-BA92-450B-981C-B15EED6EFF8C}.Debug|Any CPU.Build.0 = Debug|Any CPU
		{786B3B79-BA92-450B-981C-B15EED6EFF8C}.Release|Any CPU.ActiveCfg = Release|Any CPU
		{786B3B79-BA92-450B-981C-B15EED6EFF8C}.Release|Any CPU.Build.0 = Release|Any CPU
		{01B00C19-E2BA-4562-BD18-03035B5641D0}.Debug|Any CPU.ActiveCfg = Debug|Any CPU
		{01B00C19-E2BA-4562-BD18-03035B5641D0}.Debug|Any CPU.Build.0 = Debug|Any CPU
		{01B00C19-E2BA-4562-BD18-03035B5641D0}.Release|Any CPU.ActiveCfg = Release|Any CPU
		{01B00C19-E2BA-4562-BD18-03035B5641D0}.Release|Any CPU.Build.0 = Release|Any CPU
	EndGlobalSection
	GlobalSection(SolutionProperties) = preSolution
		HideSolutionNode = FALSE
	EndGlobalSection
	GlobalSection(ExtensibilityGlobals) = postSolution
		SolutionGuid = {3ED5EAA3-BCCD-4E8A-BA5B-266272253748}
	EndGlobalSection
EndGlobal
